// !$*UTF8*$!
{
	archiveVersion = 1;
	classes = {
	};
	objectVersion = 56;
	objects = {

/* Begin PBXBuildFile section */
		230F899A2B6D060E0007575E /* PostListCell.swift in Sources */ = {isa = PBXBuildFile; fileRef = 230F89992B6D060E0007575E /* PostListCell.swift */; };
		230F899D2B6D07930007575E /* Post.swift in Sources */ = {isa = PBXBuildFile; fileRef = 230F899C2B6D07930007575E /* Post.swift */; };
		232AFD7E2B79F97000A04B64 /* BaseResponse.swift in Sources */ = {isa = PBXBuildFile; fileRef = 232AFD7D2B79F97000A04B64 /* BaseResponse.swift */; };
		232AFD802B79FA7800A04B64 /* AuthService.swift in Sources */ = {isa = PBXBuildFile; fileRef = 232AFD7F2B79FA7800A04B64 /* AuthService.swift */; };
		2338DB042B64FE59009243AC /* TabBarView.swift in Sources */ = {isa = PBXBuildFile; fileRef = 2338DB032B64FE59009243AC /* TabBarView.swift */; };
		2338DB062B6564B4009243AC /* EntryView.swift in Sources */ = {isa = PBXBuildFile; fileRef = 2338DB052B6564B4009243AC /* EntryView.swift */; };
		2342BC052B73761D008E0799 /* UserData.swift in Sources */ = {isa = PBXBuildFile; fileRef = 2342BC042B73761D008E0799 /* UserData.swift */; };
		2342BC0A2B73E89E008E0799 /* MapViewModel.swift in Sources */ = {isa = PBXBuildFile; fileRef = 2342BC092B73E89E008E0799 /* MapViewModel.swift */; };
		23A9A9272B67ACB1004BC5D3 /* GoogleMaps in Frameworks */ = {isa = PBXBuildFile; productRef = 23A9A9262B67ACB1004BC5D3 /* GoogleMaps */; };
		23A9A9292B67ACB1004BC5D3 /* GoogleMapsBase in Frameworks */ = {isa = PBXBuildFile; productRef = 23A9A9282B67ACB1004BC5D3 /* GoogleMapsBase */; };
		23A9A92B2B67ACB1004BC5D3 /* GoogleMapsCore in Frameworks */ = {isa = PBXBuildFile; productRef = 23A9A92A2B67ACB1004BC5D3 /* GoogleMapsCore */; };
		23A9A92D2B67ACB1004BC5D3 /* GoogleMapsM4B in Frameworks */ = {isa = PBXBuildFile; productRef = 23A9A92C2B67ACB1004BC5D3 /* GoogleMapsM4B */; };
		23AC57A12B610B300013D6A5 /* NanumingApp.swift in Sources */ = {isa = PBXBuildFile; fileRef = 23AC57A02B610B300013D6A5 /* NanumingApp.swift */; };
		23AC57A52B610B320013D6A5 /* Assets.xcassets in Resources */ = {isa = PBXBuildFile; fileRef = 23AC57A42B610B320013D6A5 /* Assets.xcassets */; };
		23AC57A82B610B320013D6A5 /* Preview Assets.xcassets in Resources */ = {isa = PBXBuildFile; fileRef = 23AC57A72B610B320013D6A5 /* Preview Assets.xcassets */; };
		23AC57B12B610B7C0013D6A5 /* PostDetailView.swift in Sources */ = {isa = PBXBuildFile; fileRef = 23AC57B02B610B7C0013D6A5 /* PostDetailView.swift */; };
		23AC57B32B610B8C0013D6A5 /* CreatePostView.swift in Sources */ = {isa = PBXBuildFile; fileRef = 23AC57B22B610B8C0013D6A5 /* CreatePostView.swift */; };
		23AC57B52B610B9F0013D6A5 /* MapView.swift in Sources */ = {isa = PBXBuildFile; fileRef = 23AC57B42B610B9F0013D6A5 /* MapView.swift */; };
		23AC57B72B610BB90013D6A5 /* MyPageView.swift in Sources */ = {isa = PBXBuildFile; fileRef = 23AC57B62B610BB90013D6A5 /* MyPageView.swift */; };
		23AC57B92B610BDA0013D6A5 /* PostListView.swift in Sources */ = {isa = PBXBuildFile; fileRef = 23AC57B82B610BDA0013D6A5 /* PostListView.swift */; };
		23DDF8542B6FAE6B0062F2F1 /* PostImagePicker.swift in Sources */ = {isa = PBXBuildFile; fileRef = 23DDF8532B6FAE6B0062F2F1 /* PostImagePicker.swift */; };
		23E1A5042B735E1800C59696 /* HomeView.swift in Sources */ = {isa = PBXBuildFile; fileRef = 23E1A5032B735E1800C59696 /* HomeView.swift */; };
		885AC5372B7373820062AD2F /* GoogleSignIn in Frameworks */ = {isa = PBXBuildFile; productRef = 885AC5362B7373820062AD2F /* GoogleSignIn */; };
		885AC5392B7373820062AD2F /* GoogleSignInSwift in Frameworks */ = {isa = PBXBuildFile; productRef = 885AC5382B7373820062AD2F /* GoogleSignInSwift */; };
		885AC53D2B777B3A0062AD2F /* JoinView.swift in Sources */ = {isa = PBXBuildFile; fileRef = 885AC53C2B777B3A0062AD2F /* JoinView.swift */; };
		885AC5402B7A222A0062AD2F /* BluetoothManager.swift in Sources */ = {isa = PBXBuildFile; fileRef = 885AC53F2B7A222A0062AD2F /* BluetoothManager.swift */; };
		885AC5422B7A41640062AD2F /* ConnectNanumBox.swift in Sources */ = {isa = PBXBuildFile; fileRef = 885AC5412B7A41640062AD2F /* ConnectNanumBox.swift */; };
		885AC5442B7B22AB0062AD2F /* Item.swift in Sources */ = {isa = PBXBuildFile; fileRef = 885AC5432B7B22AB0062AD2F /* Item.swift */; };
/* End PBXBuildFile section */

/* Begin PBXFileReference section */
		230F89992B6D060E0007575E /* PostListCell.swift */ = {isa = PBXFileReference; lastKnownFileType = sourcecode.swift; name = PostListCell.swift; path = Post/PostListCell.swift; sourceTree = "<group>"; };
		230F899C2B6D07930007575E /* Post.swift */ = {isa = PBXFileReference; lastKnownFileType = sourcecode.swift; path = Post.swift; sourceTree = "<group>"; };
		232AFD7D2B79F97000A04B64 /* BaseResponse.swift */ = {isa = PBXFileReference; lastKnownFileType = sourcecode.swift; path = BaseResponse.swift; sourceTree = "<group>"; };
		232AFD7F2B79FA7800A04B64 /* AuthService.swift */ = {isa = PBXFileReference; lastKnownFileType = sourcecode.swift; path = AuthService.swift; sourceTree = "<group>"; };
		2338DB032B64FE59009243AC /* TabBarView.swift */ = {isa = PBXFileReference; lastKnownFileType = sourcecode.swift; path = TabBarView.swift; sourceTree = "<group>"; };
		2338DB052B6564B4009243AC /* EntryView.swift */ = {isa = PBXFileReference; lastKnownFileType = sourcecode.swift; path = EntryView.swift; sourceTree = "<group>"; };
		2342BC042B73761D008E0799 /* UserData.swift */ = {isa = PBXFileReference; fileEncoding = 4; lastKnownFileType = sourcecode.swift; path = UserData.swift; sourceTree = "<group>"; };
		2342BC092B73E89E008E0799 /* MapViewModel.swift */ = {isa = PBXFileReference; lastKnownFileType = sourcecode.swift; path = MapViewModel.swift; sourceTree = "<group>"; };
		23A9A92E2B67B0F1004BC5D3 /* Config.xcconfig */ = {isa = PBXFileReference; lastKnownFileType = text.xcconfig; path = Config.xcconfig; sourceTree = "<group>"; };
		23A9A92F2B67B239004BC5D3 /* Info.plist */ = {isa = PBXFileReference; lastKnownFileType = text.plist; path = Info.plist; sourceTree = "<group>"; };
		23AC579D2B610B300013D6A5 /* Nanuming.app */ = {isa = PBXFileReference; explicitFileType = wrapper.application; includeInIndex = 0; path = Nanuming.app; sourceTree = BUILT_PRODUCTS_DIR; };
		23AC57A02B610B300013D6A5 /* NanumingApp.swift */ = {isa = PBXFileReference; lastKnownFileType = sourcecode.swift; path = NanumingApp.swift; sourceTree = "<group>"; };
		23AC57A42B610B320013D6A5 /* Assets.xcassets */ = {isa = PBXFileReference; lastKnownFileType = folder.assetcatalog; path = Assets.xcassets; sourceTree = "<group>"; };
		23AC57A72B610B320013D6A5 /* Preview Assets.xcassets */ = {isa = PBXFileReference; lastKnownFileType = folder.assetcatalog; path = "Preview Assets.xcassets"; sourceTree = "<group>"; };
		23AC57B02B610B7C0013D6A5 /* PostDetailView.swift */ = {isa = PBXFileReference; lastKnownFileType = sourcecode.swift; path = PostDetailView.swift; sourceTree = "<group>"; };
		23AC57B22B610B8C0013D6A5 /* CreatePostView.swift */ = {isa = PBXFileReference; lastKnownFileType = sourcecode.swift; path = CreatePostView.swift; sourceTree = "<group>"; };
		23AC57B42B610B9F0013D6A5 /* MapView.swift */ = {isa = PBXFileReference; lastKnownFileType = sourcecode.swift; path = MapView.swift; sourceTree = "<group>"; };
		23AC57B62B610BB90013D6A5 /* MyPageView.swift */ = {isa = PBXFileReference; lastKnownFileType = sourcecode.swift; path = MyPageView.swift; sourceTree = "<group>"; };
		23AC57B82B610BDA0013D6A5 /* PostListView.swift */ = {isa = PBXFileReference; lastKnownFileType = sourcecode.swift; path = PostListView.swift; sourceTree = "<group>"; };
		23DDF8532B6FAE6B0062F2F1 /* PostImagePicker.swift */ = {isa = PBXFileReference; lastKnownFileType = sourcecode.swift; path = PostImagePicker.swift; sourceTree = "<group>"; };
		23E1A5032B735E1800C59696 /* HomeView.swift */ = {isa = PBXFileReference; lastKnownFileType = sourcecode.swift; path = HomeView.swift; sourceTree = "<group>"; };
		885AC53C2B777B3A0062AD2F /* JoinView.swift */ = {isa = PBXFileReference; lastKnownFileType = sourcecode.swift; path = JoinView.swift; sourceTree = "<group>"; };
		885AC53F2B7A222A0062AD2F /* BluetoothManager.swift */ = {isa = PBXFileReference; lastKnownFileType = sourcecode.swift; path = BluetoothManager.swift; sourceTree = "<group>"; };
		885AC5412B7A41640062AD2F /* ConnectNanumBox.swift */ = {isa = PBXFileReference; lastKnownFileType = sourcecode.swift; path = ConnectNanumBox.swift; sourceTree = "<group>"; };
		885AC5432B7B22AB0062AD2F /* Item.swift */ = {isa = PBXFileReference; lastKnownFileType = sourcecode.swift; path = Item.swift; sourceTree = "<group>"; };
/* End PBXFileReference section */

/* Begin PBXFrameworksBuildPhase section */
		23AC579A2B610B300013D6A5 /* Frameworks */ = {
			isa = PBXFrameworksBuildPhase;
			buildActionMask = 2147483647;
			files = (
				885AC5372B7373820062AD2F /* GoogleSignIn in Frameworks */,
				23A9A9272B67ACB1004BC5D3 /* GoogleMaps in Frameworks */,
				23A9A92B2B67ACB1004BC5D3 /* GoogleMapsCore in Frameworks */,
				885AC5392B7373820062AD2F /* GoogleSignInSwift in Frameworks */,
				23A9A92D2B67ACB1004BC5D3 /* GoogleMapsM4B in Frameworks */,
				23A9A9292B67ACB1004BC5D3 /* GoogleMapsBase in Frameworks */,
			);
			runOnlyForDeploymentPostprocessing = 0;
		};
/* End PBXFrameworksBuildPhase section */

/* Begin PBXGroup section */
		230F899B2B6D07800007575E /* Model */ = {
			isa = PBXGroup;
			children = (
				2342BC042B73761D008E0799 /* UserData.swift */,
				230F899C2B6D07930007575E /* Post.swift */,
				885AC5432B7B22AB0062AD2F /* Item.swift */,
			);
			path = Model;
			sourceTree = "<group>";
		};
		232AFD7C2B79F93200A04B64 /* Service */ = {
			isa = PBXGroup;
			children = (
				232AFD7D2B79F97000A04B64 /* BaseResponse.swift */,
				885AC53F2B7A222A0062AD2F /* BluetoothManager.swift */,
				232AFD7F2B79FA7800A04B64 /* AuthService.swift */,
			);
			path = Service;
			sourceTree = "<group>";
		};
		2342BC082B73E88B008E0799 /* ViewModel */ = {
			isa = PBXGroup;
			children = (
				2342BC092B73E89E008E0799 /* MapViewModel.swift */,
			);
			path = ViewModel;
			sourceTree = "<group>";
		};
		23AC57942B610B300013D6A5 = {
			isa = PBXGroup;
			children = (
				23AC579F2B610B300013D6A5 /* Nanuming */,
				23AC579E2B610B300013D6A5 /* Products */,
			);
			sourceTree = "<group>";
		};
		23AC579E2B610B300013D6A5 /* Products */ = {
			isa = PBXGroup;
			children = (
				23AC579D2B610B300013D6A5 /* Nanuming.app */,
			);
			name = Products;
			sourceTree = "<group>";
		};
		23AC579F2B610B300013D6A5 /* Nanuming */ = {
			isa = PBXGroup;
			children = (
				232AFD7C2B79F93200A04B64 /* Service */,
				2342BC082B73E88B008E0799 /* ViewModel */,
				23DDF8522B6FAE4C0062F2F1 /* Utils */,
				230F899B2B6D07800007575E /* Model */,
				23A9A92F2B67B239004BC5D3 /* Info.plist */,
				23AC57AE2B610B520013D6A5 /* View */,
				23AC57A02B610B300013D6A5 /* NanumingApp.swift */,
				23AC57A42B610B320013D6A5 /* Assets.xcassets */,
				23AC57A62B610B320013D6A5 /* Preview Content */,
				23A9A92E2B67B0F1004BC5D3 /* Config.xcconfig */,
			);
			path = Nanuming;
			sourceTree = "<group>";
		};
		23AC57A62B610B320013D6A5 /* Preview Content */ = {
			isa = PBXGroup;
			children = (
				23AC57A72B610B320013D6A5 /* Preview Assets.xcassets */,
			);
			path = "Preview Content";
			sourceTree = "<group>";
		};
		23AC57AE2B610B520013D6A5 /* View */ = {
			isa = PBXGroup;
			children = (
				885AC53E2B777B440062AD2F /* USER */,
				23AC57AF2B610B630013D6A5 /* Post */,
				23AC57B42B610B9F0013D6A5 /* MapView.swift */,
				23AC57B62B610BB90013D6A5 /* MyPageView.swift */,
				2338DB032B64FE59009243AC /* TabBarView.swift */,
				230F89992B6D060E0007575E /* PostListCell.swift */,
				23E1A5032B735E1800C59696 /* HomeView.swift */,
			);
			path = View;
			sourceTree = "<group>";
		};
		23AC57AF2B610B630013D6A5 /* Post */ = {
			isa = PBXGroup;
			children = (
				23AC57B02B610B7C0013D6A5 /* PostDetailView.swift */,
				23AC57B22B610B8C0013D6A5 /* CreatePostView.swift */,
				885AC5412B7A41640062AD2F /* ConnectNanumBox.swift */,
				23AC57B82B610BDA0013D6A5 /* PostListView.swift */,
			);
			path = Post;
			sourceTree = "<group>";
		};
		23DDF8522B6FAE4C0062F2F1 /* Utils */ = {
			isa = PBXGroup;
			children = (
				23DDF8532B6FAE6B0062F2F1 /* PostImagePicker.swift */,
			);
			path = Utils;
			sourceTree = "<group>";
		};
		885AC53E2B777B440062AD2F /* USER */ = {
			isa = PBXGroup;
			children = (
				885AC53C2B777B3A0062AD2F /* JoinView.swift */,
				2338DB052B6564B4009243AC /* EntryView.swift */,
			);
			path = USER;
			sourceTree = "<group>";
		};
/* End PBXGroup section */

/* Begin PBXNativeTarget section */
		23AC579C2B610B300013D6A5 /* Nanuming */ = {
			isa = PBXNativeTarget;
			buildConfigurationList = 23AC57AB2B610B320013D6A5 /* Build configuration list for PBXNativeTarget "Nanuming" */;
			buildPhases = (
				23AC57992B610B300013D6A5 /* Sources */,
				23AC579A2B610B300013D6A5 /* Frameworks */,
				23AC579B2B610B300013D6A5 /* Resources */,
			);
			buildRules = (
			);
			dependencies = (
			);
			name = Nanuming;
			packageProductDependencies = (
				23A9A9262B67ACB1004BC5D3 /* GoogleMaps */,
				23A9A9282B67ACB1004BC5D3 /* GoogleMapsBase */,
				23A9A92A2B67ACB1004BC5D3 /* GoogleMapsCore */,
				23A9A92C2B67ACB1004BC5D3 /* GoogleMapsM4B */,
				885AC5362B7373820062AD2F /* GoogleSignIn */,
				885AC5382B7373820062AD2F /* GoogleSignInSwift */,
			);
			productName = Nanuming;
			productReference = 23AC579D2B610B300013D6A5 /* Nanuming.app */;
			productType = "com.apple.product-type.application";
		};
/* End PBXNativeTarget section */

/* Begin PBXProject section */
		23AC57952B610B300013D6A5 /* Project object */ = {
			isa = PBXProject;
			attributes = {
				BuildIndependentTargetsInParallel = 1;
				LastSwiftUpdateCheck = 1520;
				LastUpgradeCheck = 1520;
				TargetAttributes = {
					23AC579C2B610B300013D6A5 = {
						CreatedOnToolsVersion = 15.2;
					};
				};
			};
			buildConfigurationList = 23AC57982B610B300013D6A5 /* Build configuration list for PBXProject "Nanuming" */;
			compatibilityVersion = "Xcode 14.0";
			developmentRegion = en;
			hasScannedForEncodings = 0;
			knownRegions = (
				en,
				Base,
			);
			mainGroup = 23AC57942B610B300013D6A5;
			packageReferences = (
				23A9A9252B67ACB1004BC5D3 /* XCRemoteSwiftPackageReference "ios-maps-sdk" */,
				885AC5352B7373820062AD2F /* XCRemoteSwiftPackageReference "GoogleSignIn-iOS" */,
			);
			productRefGroup = 23AC579E2B610B300013D6A5 /* Products */;
			projectDirPath = "";
			projectRoot = "";
			targets = (
				23AC579C2B610B300013D6A5 /* Nanuming */,
			);
		};
/* End PBXProject section */

/* Begin PBXResourcesBuildPhase section */
		23AC579B2B610B300013D6A5 /* Resources */ = {
			isa = PBXResourcesBuildPhase;
			buildActionMask = 2147483647;
			files = (
				23AC57A82B610B320013D6A5 /* Preview Assets.xcassets in Resources */,
				23AC57A52B610B320013D6A5 /* Assets.xcassets in Resources */,
			);
			runOnlyForDeploymentPostprocessing = 0;
		};
/* End PBXResourcesBuildPhase section */

/* Begin PBXSourcesBuildPhase section */
		23AC57992B610B300013D6A5 /* Sources */ = {
			isa = PBXSourcesBuildPhase;
			buildActionMask = 2147483647;
			files = (
				885AC5442B7B22AB0062AD2F /* Item.swift in Sources */,
				2342BC052B73761D008E0799 /* UserData.swift in Sources */,
				23AC57B32B610B8C0013D6A5 /* CreatePostView.swift in Sources */,
				885AC5422B7A41640062AD2F /* ConnectNanumBox.swift in Sources */,
				23AC57B12B610B7C0013D6A5 /* PostDetailView.swift in Sources */,
				23DDF8542B6FAE6B0062F2F1 /* PostImagePicker.swift in Sources */,
				2338DB042B64FE59009243AC /* TabBarView.swift in Sources */,
				23AC57B52B610B9F0013D6A5 /* MapView.swift in Sources */,
				23AC57A12B610B300013D6A5 /* NanumingApp.swift in Sources */,
				232AFD7E2B79F97000A04B64 /* BaseResponse.swift in Sources */,
				23AC57B72B610BB90013D6A5 /* MyPageView.swift in Sources */,
				230F899A2B6D060E0007575E /* PostListCell.swift in Sources */,
				23AC57B92B610BDA0013D6A5 /* PostListView.swift in Sources */,
				23E1A5042B735E1800C59696 /* HomeView.swift in Sources */,
				2342BC0A2B73E89E008E0799 /* MapViewModel.swift in Sources */,
				2338DB062B6564B4009243AC /* EntryView.swift in Sources */,
				232AFD802B79FA7800A04B64 /* AuthService.swift in Sources */,
				885AC53D2B777B3A0062AD2F /* JoinView.swift in Sources */,
				885AC5402B7A222A0062AD2F /* BluetoothManager.swift in Sources */,
				230F899D2B6D07930007575E /* Post.swift in Sources */,
			);
			runOnlyForDeploymentPostprocessing = 0;
		};
/* End PBXSourcesBuildPhase section */

/* Begin XCBuildConfiguration section */
		23AC57A92B610B320013D6A5 /* Debug */ = {
			isa = XCBuildConfiguration;
			buildSettings = {
				ALWAYS_SEARCH_USER_PATHS = NO;
				ASSETCATALOG_COMPILER_GENERATE_SWIFT_ASSET_SYMBOL_EXTENSIONS = YES;
				CLANG_ANALYZER_NONNULL = YES;
				CLANG_ANALYZER_NUMBER_OBJECT_CONVERSION = YES_AGGRESSIVE;
				CLANG_CXX_LANGUAGE_STANDARD = "gnu++20";
				CLANG_ENABLE_MODULES = YES;
				CLANG_ENABLE_OBJC_ARC = YES;
				CLANG_ENABLE_OBJC_WEAK = YES;
				CLANG_WARN_BLOCK_CAPTURE_AUTORELEASING = YES;
				CLANG_WARN_BOOL_CONVERSION = YES;
				CLANG_WARN_COMMA = YES;
				CLANG_WARN_CONSTANT_CONVERSION = YES;
				CLANG_WARN_DEPRECATED_OBJC_IMPLEMENTATIONS = YES;
				CLANG_WARN_DIRECT_OBJC_ISA_USAGE = YES_ERROR;
				CLANG_WARN_DOCUMENTATION_COMMENTS = YES;
				CLANG_WARN_EMPTY_BODY = YES;
				CLANG_WARN_ENUM_CONVERSION = YES;
				CLANG_WARN_INFINITE_RECURSION = YES;
				CLANG_WARN_INT_CONVERSION = YES;
				CLANG_WARN_NON_LITERAL_NULL_CONVERSION = YES;
				CLANG_WARN_OBJC_IMPLICIT_RETAIN_SELF = YES;
				CLANG_WARN_OBJC_LITERAL_CONVERSION = YES;
				CLANG_WARN_OBJC_ROOT_CLASS = YES_ERROR;
				CLANG_WARN_QUOTED_INCLUDE_IN_FRAMEWORK_HEADER = YES;
				CLANG_WARN_RANGE_LOOP_ANALYSIS = YES;
				CLANG_WARN_STRICT_PROTOTYPES = YES;
				CLANG_WARN_SUSPICIOUS_MOVE = YES;
				CLANG_WARN_UNGUARDED_AVAILABILITY = YES_AGGRESSIVE;
				CLANG_WARN_UNREACHABLE_CODE = YES;
				CLANG_WARN__DUPLICATE_METHOD_MATCH = YES;
				COPY_PHASE_STRIP = NO;
				DEBUG_INFORMATION_FORMAT = dwarf;
				ENABLE_STRICT_OBJC_MSGSEND = YES;
				ENABLE_TESTABILITY = YES;
				ENABLE_USER_SCRIPT_SANDBOXING = YES;
				GCC_C_LANGUAGE_STANDARD = gnu17;
				GCC_DYNAMIC_NO_PIC = NO;
				GCC_NO_COMMON_BLOCKS = YES;
				GCC_OPTIMIZATION_LEVEL = 0;
				GCC_PREPROCESSOR_DEFINITIONS = (
					"DEBUG=1",
					"$(inherited)",
				);
				GCC_WARN_64_TO_32_BIT_CONVERSION = YES;
				GCC_WARN_ABOUT_RETURN_TYPE = YES_ERROR;
				GCC_WARN_UNDECLARED_SELECTOR = YES;
				GCC_WARN_UNINITIALIZED_AUTOS = YES_AGGRESSIVE;
				GCC_WARN_UNUSED_FUNCTION = YES;
				GCC_WARN_UNUSED_VARIABLE = YES;
				IPHONEOS_DEPLOYMENT_TARGET = 17.2;
				LOCALIZATION_PREFERS_STRING_CATALOGS = YES;
				MTL_ENABLE_DEBUG_INFO = INCLUDE_SOURCE;
				MTL_FAST_MATH = YES;
				ONLY_ACTIVE_ARCH = YES;
				SDKROOT = iphoneos;
				SWIFT_ACTIVE_COMPILATION_CONDITIONS = "DEBUG $(inherited)";
				SWIFT_OPTIMIZATION_LEVEL = "-Onone";
			};
			name = Debug;
		};
		23AC57AA2B610B320013D6A5 /* Release */ = {
			isa = XCBuildConfiguration;
			buildSettings = {
				ALWAYS_SEARCH_USER_PATHS = NO;
				ASSETCATALOG_COMPILER_GENERATE_SWIFT_ASSET_SYMBOL_EXTENSIONS = YES;
				CLANG_ANALYZER_NONNULL = YES;
				CLANG_ANALYZER_NUMBER_OBJECT_CONVERSION = YES_AGGRESSIVE;
				CLANG_CXX_LANGUAGE_STANDARD = "gnu++20";
				CLANG_ENABLE_MODULES = YES;
				CLANG_ENABLE_OBJC_ARC = YES;
				CLANG_ENABLE_OBJC_WEAK = YES;
				CLANG_WARN_BLOCK_CAPTURE_AUTORELEASING = YES;
				CLANG_WARN_BOOL_CONVERSION = YES;
				CLANG_WARN_COMMA = YES;
				CLANG_WARN_CONSTANT_CONVERSION = YES;
				CLANG_WARN_DEPRECATED_OBJC_IMPLEMENTATIONS = YES;
				CLANG_WARN_DIRECT_OBJC_ISA_USAGE = YES_ERROR;
				CLANG_WARN_DOCUMENTATION_COMMENTS = YES;
				CLANG_WARN_EMPTY_BODY = YES;
				CLANG_WARN_ENUM_CONVERSION = YES;
				CLANG_WARN_INFINITE_RECURSION = YES;
				CLANG_WARN_INT_CONVERSION = YES;
				CLANG_WARN_NON_LITERAL_NULL_CONVERSION = YES;
				CLANG_WARN_OBJC_IMPLICIT_RETAIN_SELF = YES;
				CLANG_WARN_OBJC_LITERAL_CONVERSION = YES;
				CLANG_WARN_OBJC_ROOT_CLASS = YES_ERROR;
				CLANG_WARN_QUOTED_INCLUDE_IN_FRAMEWORK_HEADER = YES;
				CLANG_WARN_RANGE_LOOP_ANALYSIS = YES;
				CLANG_WARN_STRICT_PROTOTYPES = YES;
				CLANG_WARN_SUSPICIOUS_MOVE = YES;
				CLANG_WARN_UNGUARDED_AVAILABILITY = YES_AGGRESSIVE;
				CLANG_WARN_UNREACHABLE_CODE = YES;
				CLANG_WARN__DUPLICATE_METHOD_MATCH = YES;
				COPY_PHASE_STRIP = NO;
				DEBUG_INFORMATION_FORMAT = "dwarf-with-dsym";
				ENABLE_NS_ASSERTIONS = NO;
				ENABLE_STRICT_OBJC_MSGSEND = YES;
				ENABLE_USER_SCRIPT_SANDBOXING = YES;
				GCC_C_LANGUAGE_STANDARD = gnu17;
				GCC_NO_COMMON_BLOCKS = YES;
				GCC_WARN_64_TO_32_BIT_CONVERSION = YES;
				GCC_WARN_ABOUT_RETURN_TYPE = YES_ERROR;
				GCC_WARN_UNDECLARED_SELECTOR = YES;
				GCC_WARN_UNINITIALIZED_AUTOS = YES_AGGRESSIVE;
				GCC_WARN_UNUSED_FUNCTION = YES;
				GCC_WARN_UNUSED_VARIABLE = YES;
				IPHONEOS_DEPLOYMENT_TARGET = 17.2;
				LOCALIZATION_PREFERS_STRING_CATALOGS = YES;
				MTL_ENABLE_DEBUG_INFO = NO;
				MTL_FAST_MATH = YES;
				SDKROOT = iphoneos;
				SWIFT_COMPILATION_MODE = wholemodule;
				VALIDATE_PRODUCT = YES;
			};
			name = Release;
		};
		23AC57AC2B610B320013D6A5 /* Debug */ = {
			isa = XCBuildConfiguration;
			baseConfigurationReference = 23A9A92E2B67B0F1004BC5D3 /* Config.xcconfig */;
			buildSettings = {
				ASSETCATALOG_COMPILER_APPICON_NAME = AppIcon;
				ASSETCATALOG_COMPILER_GLOBAL_ACCENT_COLOR_NAME = AccentColor;
				CODE_SIGN_STYLE = Automatic;
				CURRENT_PROJECT_VERSION = 1;
				DEVELOPMENT_ASSET_PATHS = "\"Nanuming/Preview Content\"";
				DEVELOPMENT_TEAM = 54A24WU799;
				ENABLE_PREVIEWS = YES;
				GENERATE_INFOPLIST_FILE = YES;
				INFOPLIST_FILE = Nanuming/Info.plist;
				INFOPLIST_KEY_UIApplicationSceneManifest_Generation = YES;
				INFOPLIST_KEY_UIApplicationSupportsIndirectInputEvents = YES;
				INFOPLIST_KEY_UILaunchScreen_Generation = YES;
				INFOPLIST_KEY_UISupportedInterfaceOrientations_iPad = "UIInterfaceOrientationPortrait UIInterfaceOrientationPortraitUpsideDown UIInterfaceOrientationLandscapeLeft UIInterfaceOrientationLandscapeRight";
				INFOPLIST_KEY_UISupportedInterfaceOrientations_iPhone = "UIInterfaceOrientationPortrait UIInterfaceOrientationLandscapeLeft UIInterfaceOrientationLandscapeRight";
				IPHONEOS_DEPLOYMENT_TARGET = 17;
				LD_RUNPATH_SEARCH_PATHS = (
					"$(inherited)",
					"@executable_path/Frameworks",
				);
				MARKETING_VERSION = 1.0;
				PRODUCT_BUNDLE_IDENTIFIER = com.gdsc.Nanuming;
				PRODUCT_NAME = "$(TARGET_NAME)";
				SWIFT_EMIT_LOC_STRINGS = YES;
				SWIFT_VERSION = 5.0;
				TARGETED_DEVICE_FAMILY = "1,2";
			};
			name = Debug;
		};
		23AC57AD2B610B320013D6A5 /* Release */ = {
			isa = XCBuildConfiguration;
			baseConfigurationReference = 23A9A92E2B67B0F1004BC5D3 /* Config.xcconfig */;
			buildSettings = {
				ASSETCATALOG_COMPILER_APPICON_NAME = AppIcon;
				ASSETCATALOG_COMPILER_GLOBAL_ACCENT_COLOR_NAME = AccentColor;
				CODE_SIGN_STYLE = Automatic;
				CURRENT_PROJECT_VERSION = 1;
				DEVELOPMENT_ASSET_PATHS = "\"Nanuming/Preview Content\"";
				DEVELOPMENT_TEAM = 54A24WU799;
				ENABLE_PREVIEWS = YES;
				GENERATE_INFOPLIST_FILE = YES;
				INFOPLIST_FILE = Nanuming/Info.plist;
				INFOPLIST_KEY_UIApplicationSceneManifest_Generation = YES;
				INFOPLIST_KEY_UIApplicationSupportsIndirectInputEvents = YES;
				INFOPLIST_KEY_UILaunchScreen_Generation = YES;
				INFOPLIST_KEY_UISupportedInterfaceOrientations_iPad = "UIInterfaceOrientationPortrait UIInterfaceOrientationPortraitUpsideDown UIInterfaceOrientationLandscapeLeft UIInterfaceOrientationLandscapeRight";
				INFOPLIST_KEY_UISupportedInterfaceOrientations_iPhone = "UIInterfaceOrientationPortrait UIInterfaceOrientationLandscapeLeft UIInterfaceOrientationLandscapeRight";
				IPHONEOS_DEPLOYMENT_TARGET = 17;
				LD_RUNPATH_SEARCH_PATHS = (
					"$(inherited)",
					"@executable_path/Frameworks",
				);
				MARKETING_VERSION = 1.0;
				PRODUCT_BUNDLE_IDENTIFIER = com.gdsc.Nanuming;
				PRODUCT_NAME = "$(TARGET_NAME)";
				SWIFT_EMIT_LOC_STRINGS = YES;
				SWIFT_VERSION = 5.0;
				TARGETED_DEVICE_FAMILY = "1,2";
			};
			name = Release;
		};
/* End XCBuildConfiguration section */

/* Begin XCConfigurationList section */
		23AC57982B610B300013D6A5 /* Build configuration list for PBXProject "Nanuming" */ = {
			isa = XCConfigurationList;
			buildConfigurations = (
				23AC57A92B610B320013D6A5 /* Debug */,
				23AC57AA2B610B320013D6A5 /* Release */,
			);
			defaultConfigurationIsVisible = 0;
			defaultConfigurationName = Release;
		};
		23AC57AB2B610B320013D6A5 /* Build configuration list for PBXNativeTarget "Nanuming" */ = {
			isa = XCConfigurationList;
			buildConfigurations = (
				23AC57AC2B610B320013D6A5 /* Debug */,
				23AC57AD2B610B320013D6A5 /* Release */,
			);
			defaultConfigurationIsVisible = 0;
			defaultConfigurationName = Release;
		};
/* End XCConfigurationList section */

/* Begin XCRemoteSwiftPackageReference section */
		23A9A9252B67ACB1004BC5D3 /* XCRemoteSwiftPackageReference "ios-maps-sdk" */ = {
			isa = XCRemoteSwiftPackageReference;
			repositoryURL = "https://github.com/googlemaps/ios-maps-sdk";
			requirement = {
				kind = upToNextMajorVersion;
				minimumVersion = 8.3.1;
			};
		};
		885AC5352B7373820062AD2F /* XCRemoteSwiftPackageReference "GoogleSignIn-iOS" */ = {
			isa = XCRemoteSwiftPackageReference;
			repositoryURL = "https://github.com/google/GoogleSignIn-iOS";
			requirement = {
				kind = upToNextMajorVersion;
				minimumVersion = 7.0.0;
			};
		};
/* End XCRemoteSwiftPackageReference section */

/* Begin XCSwiftPackageProductDependency section */
		23A9A9262B67ACB1004BC5D3 /* GoogleMaps */ = {
			isa = XCSwiftPackageProductDependency;
			package = 23A9A9252B67ACB1004BC5D3 /* XCRemoteSwiftPackageReference "ios-maps-sdk" */;
			productName = GoogleMaps;
		};
		23A9A9282B67ACB1004BC5D3 /* GoogleMapsBase */ = {
			isa = XCSwiftPackageProductDependency;
			package = 23A9A9252B67ACB1004BC5D3 /* XCRemoteSwiftPackageReference "ios-maps-sdk" */;
			productName = GoogleMapsBase;
		};
		23A9A92A2B67ACB1004BC5D3 /* GoogleMapsCore */ = {
			isa = XCSwiftPackageProductDependency;
			package = 23A9A9252B67ACB1004BC5D3 /* XCRemoteSwiftPackageReference "ios-maps-sdk" */;
			productName = GoogleMapsCore;
		};
		23A9A92C2B67ACB1004BC5D3 /* GoogleMapsM4B */ = {
			isa = XCSwiftPackageProductDependency;
			package = 23A9A9252B67ACB1004BC5D3 /* XCRemoteSwiftPackageReference "ios-maps-sdk" */;
			productName = GoogleMapsM4B;
		};
		885AC5362B7373820062AD2F /* GoogleSignIn */ = {
			isa = XCSwiftPackageProductDependency;
			package = 885AC5352B7373820062AD2F /* XCRemoteSwiftPackageReference "GoogleSignIn-iOS" */;
			productName = GoogleSignIn;
		};
		885AC5382B7373820062AD2F /* GoogleSignInSwift */ = {
			isa = XCSwiftPackageProductDependency;
			package = 885AC5352B7373820062AD2F /* XCRemoteSwiftPackageReference "GoogleSignIn-iOS" */;
			productName = GoogleSignInSwift;
		};
/* End XCSwiftPackageProductDependency section */
	};
	rootObject = 23AC57952B610B300013D6A5 /* Project object */;
}
